
Microsoft Visual Studio Solution File, Format Version 12.00
# Visual Studio 2017
Project("{FAE04EC0-301F-11D3-BF4B-00C04F79EFBC}") = "SchoolLibrary", "SchoolLibrary.csproj", "{7208032E-F4D6-45EF-B6A4-9BE51A0CAFDF}"
EndProject
Global
	GlobalSection(SolutionConfigurationPlatforms) = preSolution
		Debug|Any CPU = Debug|Any CPU
		Release|Any CPU = Release|Any CPU
		Debug|iPhoneSimulator = Debug|iPhoneSimulator
		Release|iPhone = Release|iPhone
		Release|iPhoneSimulator = Release|iPhoneSimulator
		Debug|iPhone = Debug|iPhone
	EndGlobalSection
	GlobalSection(ProjectConfigurationPlatforms) = postSolution
		{7208032E-F4D6-45EF-B6A4-9BE51A0CAFDF}.Debug|Any CPU.ActiveCfg = Debug|Any CPU
		{7208032E-F4D6-45EF-B6A4-9BE51A0CAFDF}.Debug|Any CPU.Build.0 = Debug|Any CPU
		{7208032E-F4D6-45EF-B6A4-9BE51A0CAFDF}.Release|Any CPU.ActiveCfg = Release|Any CPU
		{7208032E-F4D6-45EF-B6A4-9BE51A0CAFDF}.Release|Any CPU.Build.0 = Release|Any CPU
		{7208032E-F4D6-45EF-B6A4-9BE51A0CAFDF}.Debug|iPhoneSimulator.ActiveCfg = Debug|Any CPU
		{7208032E-F4D6-45EF-B6A4-9BE51A0CAFDF}.Debug|iPhoneSimulator.Build.0 = Debug|Any CPU
		{7208032E-F4D6-45EF-B6A4-9BE51A0CAFDF}.Release|iPhone.ActiveCfg = Release|Any CPU
		{7208032E-F4D6-45EF-B6A4-9BE51A0CAFDF}.Release|iPhone.Build.0 = Release|Any CPU
		{7208032E-F4D6-45EF-B6A4-9BE51A0CAFDF}.Release|iPhoneSimulator.ActiveCfg = Release|Any CPU
		{7208032E-F4D6-45EF-B6A4-9BE51A0CAFDF}.Release|iPhoneSimulator.Build.0 = Release|Any CPU
		{7208032E-F4D6-45EF-B6A4-9BE51A0CAFDF}.Debug|iPhone.ActiveCfg = Debug|Any CPU
		{7208032E-F4D6-45EF-B6A4-9BE51A0CAFDF}.Debug|iPhone.Build.0 = Debug|Any CPU
	EndGlobalSection
EndGlobal
